{
  "object": {
    "pins": [
      {
        "package": "SwiftUIMap",
        "repositoryURL": "https://github.com/Mcrich23/SwiftUIMap",
        "state": {
          "branch": "dev",
          "revision": "22b2f66ebd160e8205abd5dc316225e02869dcaf",
          "version": null
        }
      }
    ]
  },
  "version": 1
}
