{
  "object": {
    "pins": [
      {
        "package": "SwiftUIMap",
        "repositoryURL": "https://github.com/Mcrich23/SwiftUIMap",
        "state": {
          "branch": "main",
          "revision": "1da62b5f4ec46fc4ab3acc25c399fde1d1e07c55",
          "version": null
        }
      }
    ]
  },
  "version": 1
}
