{
  "object": {
    "pins": [
      {
        "package": "SwiftUIMap",
        "repositoryURL": "https://github.com/Mcrich23/SwiftUIMap",
        "state": {
          "branch": "main",
          "revision": "1d7530f6f94a1d25e0fd2e7b2f5af464c955a717",
          "version": null
        }
      }
    ]
  },
  "version": 1
}
